
Microsoft Visual Studio Solution File, Format Version 12.00
# Visual Studio Version 17
VisualStudioVersion = 17.11.35327.3
MinimumVisualStudioVersion = 10.0.40219.1
Project("{9A19103F-16F7-4668-BE54-9A1E7A4F7556}") = "logicadeprogramacãotercaquinta", "logicadeprogramacãotercaquinta\logicadeprogramacãotercaquinta.csproj", "{B0C5F74E-AB1C-4ADF-8C24-7284590CEE76}"
EndProject
Project("{9A19103F-16F7-4668-BE54-9A1E7A4F7556}") = "ex02", "ex02\ex02.csproj", "{1A81EC8E-7377-4987-9D1E-ADA81822A8A1}"
EndProject
Project("{9A19103F-16F7-4668-BE54-9A1E7A4F7556}") = "ex03", "ex03\ex03.csproj", "{A0F6A500-174B-4E41-95A2-EB7DB8B00D4A}"
EndProject
Project("{FAE04EC0-301F-11D3-BF4B-00C04F79EFBC}") = "ex04", "ex04\ex04.csproj", "{EA585E97-F655-4592-A3F9-5783E903AB87}"
EndProject
Global
	GlobalSection(SolutionConfigurationPlatforms) = preSolution
		Debug|Any CPU = Debug|Any CPU
		Release|Any CPU = Release|Any CPU
	EndGlobalSection
	GlobalSection(ProjectConfigurationPlatforms) = postSolution
		{B0C5F74E-AB1C-4ADF-8C24-7284590CEE76}.Debug|Any CPU.ActiveCfg = Debug|Any CPU
		{B0C5F74E-AB1C-4ADF-8C24-7284590CEE76}.Debug|Any CPU.Build.0 = Debug|Any CPU
		{B0C5F74E-AB1C-4ADF-8C24-7284590CEE76}.Release|Any CPU.ActiveCfg = Release|Any CPU
		{B0C5F74E-AB1C-4ADF-8C24-7284590CEE76}.Release|Any CPU.Build.0 = Release|Any CPU
		{1A81EC8E-7377-4987-9D1E-ADA81822A8A1}.Debug|Any CPU.ActiveCfg = Debug|Any CPU
		{1A81EC8E-7377-4987-9D1E-ADA81822A8A1}.Debug|Any CPU.Build.0 = Debug|Any CPU
		{1A81EC8E-7377-4987-9D1E-ADA81822A8A1}.Release|Any CPU.ActiveCfg = Release|Any CPU
		{1A81EC8E-7377-4987-9D1E-ADA81822A8A1}.Release|Any CPU.Build.0 = Release|Any CPU
		{A0F6A500-174B-4E41-95A2-EB7DB8B00D4A}.Debug|Any CPU.ActiveCfg = Debug|Any CPU
		{A0F6A500-174B-4E41-95A2-EB7DB8B00D4A}.Debug|Any CPU.Build.0 = Debug|Any CPU
		{A0F6A500-174B-4E41-95A2-EB7DB8B00D4A}.Release|Any CPU.ActiveCfg = Release|Any CPU
		{A0F6A500-174B-4E41-95A2-EB7DB8B00D4A}.Release|Any CPU.Build.0 = Release|Any CPU
		{EA585E97-F655-4592-A3F9-5783E903AB87}.Debug|Any CPU.ActiveCfg = Debug|Any CPU
		{EA585E97-F655-4592-A3F9-5783E903AB87}.Debug|Any CPU.Build.0 = Debug|Any CPU
		{EA585E97-F655-4592-A3F9-5783E903AB87}.Release|Any CPU.ActiveCfg = Release|Any CPU
		{EA585E97-F655-4592-A3F9-5783E903AB87}.Release|Any CPU.Build.0 = Release|Any CPU
	EndGlobalSection
	GlobalSection(SolutionProperties) = preSolution
		HideSolutionNode = FALSE
	EndGlobalSection
	GlobalSection(ExtensibilityGlobals) = postSolution
		SolutionGuid = {C0F7EFD0-B4F9-4FA5-918D-DF490AFF91BF}
	EndGlobalSection
EndGlobal
